
Microsoft Visual Studio Solution File, Format Version 12.00
# Visual Studio Version 16
VisualStudioVersion = 16.0.29709.97
MinimumVisualStudioVersion = 10.0.40219.1
Project("{FAE04EC0-301F-11D3-BF4B-00C04F79EFBC}") = "CityProvinceWebApi", "CityProvinceWebApi.csproj", "{6457B443-A57B-4046-8F96-ECC3F06DF426}"
EndProject
Global
	GlobalSection(SolutionConfigurationPlatforms) = preSolution
		Debug|Any CPU = Debug|Any CPU
		Release|Any CPU = Release|Any CPU
	EndGlobalSection
	GlobalSection(ProjectConfigurationPlatforms) = postSolution
		{6457B443-A57B-4046-8F96-ECC3F06DF426}.Debug|Any CPU.ActiveCfg = Debug|Any CPU
		{6457B443-A57B-4046-8F96-ECC3F06DF426}.Debug|Any CPU.Build.0 = Debug|Any CPU
		{6457B443-A57B-4046-8F96-ECC3F06DF426}.Release|Any CPU.ActiveCfg = Release|Any CPU
		{6457B443-A57B-4046-8F96-ECC3F06DF426}.Release|Any CPU.Build.0 = Release|Any CPU
	EndGlobalSection
	GlobalSection(SolutionProperties) = preSolution
		HideSolutionNode = FALSE
	EndGlobalSection
	GlobalSection(ExtensibilityGlobals) = postSolution
		SolutionGuid = {8760CF45-E4D6-40BF-9603-BC46DCA10E96}
	EndGlobalSection
EndGlobal
