
Microsoft Visual Studio Solution File, Format Version 12.00
# Visual Studio Version 16
VisualStudioVersion = 16.0.29709.97
MinimumVisualStudioVersion = 10.0.40219.1
Project("{FAE04EC0-301F-11D3-BF4B-00C04F79EFBC}") = "XF_CityProvince.UWP", "XF_CityProvince.UWP\XF_CityProvince.UWP.csproj", "{6C75413D-A603-416E-865B-4A85085D43BD}"
EndProject
Project("{FAE04EC0-301F-11D3-BF4B-00C04F79EFBC}") = "XF_CityProvince.Android", "XF_CityProvince.Android\XF_CityProvince.Android.csproj", "{FD901BBE-8268-494A-B1A7-0E639D02502D}"
EndProject
Project("{9A19103F-16F7-4668-BE54-9A1E7A4F7556}") = "XF_CityProvince", "XF_CityProvince\XF_CityProvince.csproj", "{328006C8-D3AA-431C-AC82-1E923BB502EE}"
EndProject
Global
	GlobalSection(SolutionConfigurationPlatforms) = preSolution
		Debug|Any CPU = Debug|Any CPU
		Debug|ARM = Debug|ARM
		Debug|iPhone = Debug|iPhone
		Debug|iPhoneSimulator = Debug|iPhoneSimulator
		Debug|x64 = Debug|x64
		Debug|x86 = Debug|x86
		Release|Any CPU = Release|Any CPU
		Release|ARM = Release|ARM
		Release|iPhone = Release|iPhone
		Release|iPhoneSimulator = Release|iPhoneSimulator
		Release|x64 = Release|x64
		Release|x86 = Release|x86
	EndGlobalSection
	GlobalSection(ProjectConfigurationPlatforms) = postSolution
		{6C75413D-A603-416E-865B-4A85085D43BD}.Debug|Any CPU.ActiveCfg = Debug|x86
		{6C75413D-A603-416E-865B-4A85085D43BD}.Debug|Any CPU.Build.0 = Debug|x86
		{6C75413D-A603-416E-865B-4A85085D43BD}.Debug|Any CPU.Deploy.0 = Debug|x86
		{6C75413D-A603-416E-865B-4A85085D43BD}.Debug|ARM.ActiveCfg = Debug|ARM
		{6C75413D-A603-416E-865B-4A85085D43BD}.Debug|ARM.Build.0 = Debug|ARM
		{6C75413D-A603-416E-865B-4A85085D43BD}.Debug|ARM.Deploy.0 = Debug|ARM
		{6C75413D-A603-416E-865B-4A85085D43BD}.Debug|iPhone.ActiveCfg = Debug|x86
		{6C75413D-A603-416E-865B-4A85085D43BD}.Debug|iPhone.Build.0 = Debug|x86
		{6C75413D-A603-416E-865B-4A85085D43BD}.Debug|iPhone.Deploy.0 = Debug|x86
		{6C75413D-A603-416E-865B-4A85085D43BD}.Debug|iPhoneSimulator.ActiveCfg = Debug|x86
		{6C75413D-A603-416E-865B-4A85085D43BD}.Debug|iPhoneSimulator.Build.0 = Debug|x86
		{6C75413D-A603-416E-865B-4A85085D43BD}.Debug|iPhoneSimulator.Deploy.0 = Debug|x86
		{6C75413D-A603-416E-865B-4A85085D43BD}.Debug|x64.ActiveCfg = Debug|x64
		{6C75413D-A603-416E-865B-4A85085D43BD}.Debug|x64.Build.0 = Debug|x64
		{6C75413D-A603-416E-865B-4A85085D43BD}.Debug|x64.Deploy.0 = Debug|x64
		{6C75413D-A603-416E-865B-4A85085D43BD}.Debug|x86.ActiveCfg = Debug|x86
		{6C75413D-A603-416E-865B-4A85085D43BD}.Debug|x86.Build.0 = Debug|x86
		{6C75413D-A603-416E-865B-4A85085D43BD}.Debug|x86.Deploy.0 = Debug|x86
		{6C75413D-A603-416E-865B-4A85085D43BD}.Release|Any CPU.ActiveCfg = Release|x86
		{6C75413D-A603-416E-865B-4A85085D43BD}.Release|Any CPU.Build.0 = Release|x86
		{6C75413D-A603-416E-865B-4A85085D43BD}.Release|Any CPU.Deploy.0 = Release|x86
		{6C75413D-A603-416E-865B-4A85085D43BD}.Release|ARM.ActiveCfg = Release|ARM
		{6C75413D-A603-416E-865B-4A85085D43BD}.Release|ARM.Build.0 = Release|ARM
		{6C75413D-A603-416E-865B-4A85085D43BD}.Release|ARM.Deploy.0 = Release|ARM
		{6C75413D-A603-416E-865B-4A85085D43BD}.Release|iPhone.ActiveCfg = Release|x86
		{6C75413D-A603-416E-865B-4A85085D43BD}.Release|iPhone.Build.0 = Release|x86
		{6C75413D-A603-416E-865B-4A85085D43BD}.Release|iPhone.Deploy.0 = Release|x86
		{6C75413D-A603-416E-865B-4A85085D43BD}.Release|iPhoneSimulator.ActiveCfg = Release|x86
		{6C75413D-A603-416E-865B-4A85085D43BD}.Release|iPhoneSimulator.Build.0 = Release|x86
		{6C75413D-A603-416E-865B-4A85085D43BD}.Release|iPhoneSimulator.Deploy.0 = Release|x86
		{6C75413D-A603-416E-865B-4A85085D43BD}.Release|x64.ActiveCfg = Release|x64
		{6C75413D-A603-416E-865B-4A85085D43BD}.Release|x64.Build.0 = Release|x64
		{6C75413D-A603-416E-865B-4A85085D43BD}.Release|x64.Deploy.0 = Release|x64
		{6C75413D-A603-416E-865B-4A85085D43BD}.Release|x86.ActiveCfg = Release|x86
		{6C75413D-A603-416E-865B-4A85085D43BD}.Release|x86.Build.0 = Release|x86
		{6C75413D-A603-416E-865B-4A85085D43BD}.Release|x86.Deploy.0 = Release|x86
		{FD901BBE-8268-494A-B1A7-0E639D02502D}.Debug|Any CPU.ActiveCfg = Debug|Any CPU
		{FD901BBE-8268-494A-B1A7-0E639D02502D}.Debug|Any CPU.Build.0 = Debug|Any CPU
		{FD901BBE-8268-494A-B1A7-0E639D02502D}.Debug|Any CPU.Deploy.0 = Debug|Any CPU
		{FD901BBE-8268-494A-B1A7-0E639D02502D}.Debug|ARM.ActiveCfg = Debug|Any CPU
		{FD901BBE-8268-494A-B1A7-0E639D02502D}.Debug|ARM.Build.0 = Debug|Any CPU
		{FD901BBE-8268-494A-B1A7-0E639D02502D}.Debug|ARM.Deploy.0 = Debug|Any CPU
		{FD901BBE-8268-494A-B1A7-0E639D02502D}.Debug|iPhone.ActiveCfg = Debug|Any CPU
		{FD901BBE-8268-494A-B1A7-0E639D02502D}.Debug|iPhone.Build.0 = Debug|Any CPU
		{FD901BBE-8268-494A-B1A7-0E639D02502D}.Debug|iPhone.Deploy.0 = Debug|Any CPU
		{FD901BBE-8268-494A-B1A7-0E639D02502D}.Debug|iPhoneSimulator.ActiveCfg = Debug|Any CPU
		{FD901BBE-8268-494A-B1A7-0E639D02502D}.Debug|iPhoneSimulator.Build.0 = Debug|Any CPU
		{FD901BBE-8268-494A-B1A7-0E639D02502D}.Debug|iPhoneSimulator.Deploy.0 = Debug|Any CPU
		{FD901BBE-8268-494A-B1A7-0E639D02502D}.Debug|x64.ActiveCfg = Debug|Any CPU
		{FD901BBE-8268-494A-B1A7-0E639D02502D}.Debug|x64.Build.0 = Debug|Any CPU
		{FD901BBE-8268-494A-B1A7-0E639D02502D}.Debug|x64.Deploy.0 = Debug|Any CPU
		{FD901BBE-8268-494A-B1A7-0E639D02502D}.Debug|x86.ActiveCfg = Debug|Any CPU
		{FD901BBE-8268-494A-B1A7-0E639D02502D}.Debug|x86.Build.0 = Debug|Any CPU
		{FD901BBE-8268-494A-B1A7-0E639D02502D}.Debug|x86.Deploy.0 = Debug|Any CPU
		{FD901BBE-8268-494A-B1A7-0E639D02502D}.Release|Any CPU.ActiveCfg = Release|Any CPU
		{FD901BBE-8268-494A-B1A7-0E639D02502D}.Release|Any CPU.Build.0 = Release|Any CPU
		{FD901BBE-8268-494A-B1A7-0E639D02502D}.Release|Any CPU.Deploy.0 = Release|Any CPU
		{FD901BBE-8268-494A-B1A7-0E639D02502D}.Release|ARM.ActiveCfg = Release|Any CPU
		{FD901BBE-8268-494A-B1A7-0E639D02502D}.Release|ARM.Build.0 = Release|Any CPU
		{FD901BBE-8268-494A-B1A7-0E639D02502D}.Release|ARM.Deploy.0 = Release|Any CPU
		{FD901BBE-8268-494A-B1A7-0E639D02502D}.Release|iPhone.ActiveCfg = Release|Any CPU
		{FD901BBE-8268-494A-B1A7-0E639D02502D}.Release|iPhone.Build.0 = Release|Any CPU
		{FD901BBE-8268-494A-B1A7-0E639D02502D}.Release|iPhone.Deploy.0 = Release|Any CPU
		{FD901BBE-8268-494A-B1A7-0E639D02502D}.Release|iPhoneSimulator.ActiveCfg = Release|Any CPU
		{FD901BBE-8268-494A-B1A7-0E639D02502D}.Release|iPhoneSimulator.Build.0 = Release|Any CPU
		{FD901BBE-8268-494A-B1A7-0E639D02502D}.Release|iPhoneSimulator.Deploy.0 = Release|Any CPU
		{FD901BBE-8268-494A-B1A7-0E639D02502D}.Release|x64.ActiveCfg = Release|Any CPU
		{FD901BBE-8268-494A-B1A7-0E639D02502D}.Release|x64.Build.0 = Release|Any CPU
		{FD901BBE-8268-494A-B1A7-0E639D02502D}.Release|x64.Deploy.0 = Release|Any CPU
		{FD901BBE-8268-494A-B1A7-0E639D02502D}.Release|x86.ActiveCfg = Release|Any CPU
		{FD901BBE-8268-494A-B1A7-0E639D02502D}.Release|x86.Build.0 = Release|Any CPU
		{FD901BBE-8268-494A-B1A7-0E639D02502D}.Release|x86.Deploy.0 = Release|Any CPU
		{328006C8-D3AA-431C-AC82-1E923BB502EE}.Debug|Any CPU.ActiveCfg = Debug|Any CPU
		{328006C8-D3AA-431C-AC82-1E923BB502EE}.Debug|Any CPU.Build.0 = Debug|Any CPU
		{328006C8-D3AA-431C-AC82-1E923BB502EE}.Debug|Any CPU.Deploy.0 = Debug|Any CPU
		{328006C8-D3AA-431C-AC82-1E923BB502EE}.Debug|ARM.ActiveCfg = Debug|Any CPU
		{328006C8-D3AA-431C-AC82-1E923BB502EE}.Debug|ARM.Build.0 = Debug|Any CPU
		{328006C8-D3AA-431C-AC82-1E923BB502EE}.Debug|ARM.Deploy.0 = Debug|Any CPU
		{328006C8-D3AA-431C-AC82-1E923BB502EE}.Debug|iPhone.ActiveCfg = Debug|Any CPU
		{328006C8-D3AA-431C-AC82-1E923BB502EE}.Debug|iPhone.Build.0 = Debug|Any CPU
		{328006C8-D3AA-431C-AC82-1E923BB502EE}.Debug|iPhone.Deploy.0 = Debug|Any CPU
		{328006C8-D3AA-431C-AC82-1E923BB502EE}.Debug|iPhoneSimulator.ActiveCfg = Debug|Any CPU
		{328006C8-D3AA-431C-AC82-1E923BB502EE}.Debug|iPhoneSimulator.Build.0 = Debug|Any CPU
		{328006C8-D3AA-431C-AC82-1E923BB502EE}.Debug|iPhoneSimulator.Deploy.0 = Debug|Any CPU
		{328006C8-D3AA-431C-AC82-1E923BB502EE}.Debug|x64.ActiveCfg = Debug|Any CPU
		{328006C8-D3AA-431C-AC82-1E923BB502EE}.Debug|x64.Build.0 = Debug|Any CPU
		{328006C8-D3AA-431C-AC82-1E923BB502EE}.Debug|x64.Deploy.0 = Debug|Any CPU
		{328006C8-D3AA-431C-AC82-1E923BB502EE}.Debug|x86.ActiveCfg = Debug|Any CPU
		{328006C8-D3AA-431C-AC82-1E923BB502EE}.Debug|x86.Build.0 = Debug|Any CPU
		{328006C8-D3AA-431C-AC82-1E923BB502EE}.Debug|x86.Deploy.0 = Debug|Any CPU
		{328006C8-D3AA-431C-AC82-1E923BB502EE}.Release|Any CPU.ActiveCfg = Release|Any CPU
		{328006C8-D3AA-431C-AC82-1E923BB502EE}.Release|Any CPU.Build.0 = Release|Any CPU
		{328006C8-D3AA-431C-AC82-1E923BB502EE}.Release|Any CPU.Deploy.0 = Release|Any CPU
		{328006C8-D3AA-431C-AC82-1E923BB502EE}.Release|ARM.ActiveCfg = Release|Any CPU
		{328006C8-D3AA-431C-AC82-1E923BB502EE}.Release|ARM.Build.0 = Release|Any CPU
		{328006C8-D3AA-431C-AC82-1E923BB502EE}.Release|ARM.Deploy.0 = Release|Any CPU
		{328006C8-D3AA-431C-AC82-1E923BB502EE}.Release|iPhone.ActiveCfg = Release|Any CPU
		{328006C8-D3AA-431C-AC82-1E923BB502EE}.Release|iPhone.Build.0 = Release|Any CPU
		{328006C8-D3AA-431C-AC82-1E923BB502EE}.Release|iPhone.Deploy.0 = Release|Any CPU
		{328006C8-D3AA-431C-AC82-1E923BB502EE}.Release|iPhoneSimulator.ActiveCfg = Release|Any CPU
		{328006C8-D3AA-431C-AC82-1E923BB502EE}.Release|iPhoneSimulator.Build.0 = Release|Any CPU
		{328006C8-D3AA-431C-AC82-1E923BB502EE}.Release|iPhoneSimulator.Deploy.0 = Release|Any CPU
		{328006C8-D3AA-431C-AC82-1E923BB502EE}.Release|x64.ActiveCfg = Release|Any CPU
		{328006C8-D3AA-431C-AC82-1E923BB502EE}.Release|x64.Build.0 = Release|Any CPU
		{328006C8-D3AA-431C-AC82-1E923BB502EE}.Release|x64.Deploy.0 = Release|Any CPU
		{328006C8-D3AA-431C-AC82-1E923BB502EE}.Release|x86.ActiveCfg = Release|Any CPU
		{328006C8-D3AA-431C-AC82-1E923BB502EE}.Release|x86.Build.0 = Release|Any CPU
		{328006C8-D3AA-431C-AC82-1E923BB502EE}.Release|x86.Deploy.0 = Release|Any CPU
	EndGlobalSection
	GlobalSection(SolutionProperties) = preSolution
		HideSolutionNode = FALSE
	EndGlobalSection
	GlobalSection(ExtensibilityGlobals) = postSolution
		SolutionGuid = {8F70C463-5131-44E6-9376-E4695C06FDAA}
	EndGlobalSection
EndGlobal
